// !$*UTF8*$!
{
	archiveVersion = 1;
	classes = {
	};
	objectVersion = 46;
	objects = {

/* Begin PBXBuildFile section */
		D384D3E41D1495A1004C44F3 /* AppDelegate.swift in Sources */ = {isa = PBXBuildFile; fileRef = D384D3E31D1495A1004C44F3 /* AppDelegate.swift */; };
		D384D3E61D1495A1004C44F3 /* ViewController.swift in Sources */ = {isa = PBXBuildFile; fileRef = D384D3E51D1495A1004C44F3 /* ViewController.swift */; };
		D384D3E91D1495A1004C44F3 /* Main.storyboard in Resources */ = {isa = PBXBuildFile; fileRef = D384D3E71D1495A1004C44F3 /* Main.storyboard */; };
		D384D3EB1D1495A1004C44F3 /* Assets.xcassets in Resources */ = {isa = PBXBuildFile; fileRef = D384D3EA1D1495A1004C44F3 /* Assets.xcassets */; };
		D384D3EE1D1495A1004C44F3 /* LaunchScreen.storyboard in Resources */ = {isa = PBXBuildFile; fileRef = D384D3EC1D1495A1004C44F3 /* LaunchScreen.storyboard */; };
/* End PBXBuildFile section */

/* Begin PBXFileReference section */
		D384D3E01D1495A1004C44F3 /* SnailMove.app */ = {isa = PBXFileReference; explicitFileType = wrapper.application; includeInIndex = 0; path = SnailMove.app; sourceTree = BUILT_PRODUCTS_DIR; };
		D384D3E31D1495A1004C44F3 /* AppDelegate.swift */ = {isa = PBXFileReference; lastKnownFileType = sourcecode.swift; path = AppDelegate.swift; sourceTree = "<group>"; };
		D384D3E51D1495A1004C44F3 /* ViewController.swift */ = {isa = PBXFileReference; lastKnownFileType = sourcecode.swift; path = ViewController.swift; sourceTree = "<group>"; };
		D384D3E81D1495A1004C44F3 /* Base */ = {isa = PBXFileReference; lastKnownFileType = file.storyboard; name = Base; path = Base.lproj/Main.storyboard; sourceTree = "<group>"; };
		D384D3EA1D1495A1004C44F3 /* Assets.xcassets */ = {isa = PBXFileReference; lastKnownFileType = folder.assetcatalog; path = Assets.xcassets; sourceTree = "<group>"; };
		D384D3ED1D1495A1004C44F3 /* Base */ = {isa = PBXFileReference; lastKnownFileType = file.storyboard; name = Base; path = Base.lproj/LaunchScreen.storyboard; sourceTree = "<group>"; };
		D384D3EF1D1495A1004C44F3 /* Info.plist */ = {isa = PBXFileReference; lastKnownFileType = text.plist.xml; path = Info.plist; sourceTree = "<group>"; };
/* End PBXFileReference section */

/* Begin PBXFrameworksBuildPhase section */
		D384D3DD1D1495A1004C44F3 /* Frameworks */ = {
			isa = PBXFrameworksBuildPhase;
			buildActionMask = 2147483647;
			files = (
			);
			runOnlyForDeploymentPostprocessing = 0;
		};
/* End PBXFrameworksBuildPhase section */

/* Begin PBXGroup section */
		D384D3D71D1495A1004C44F3 = {
			isa = PBXGroup;
			children = (
				D384D3E21D1495A1004C44F3 /* SnailMove */,
				D384D3E11D1495A1004C44F3 /* Products */,
			);
			sourceTree = "<group>";
		};
		D384D3E11D1495A1004C44F3 /* Products */ = {
			isa = PBXGroup;
			children = (
				D384D3E01D1495A1004C44F3 /* SnailMove.app */,
			);
			name = Products;
			sourceTree = "<group>";
		};
		D384D3E21D1495A1004C44F3 /* SnailMove */ = {
			isa = PBXGroup;
			children = (
				D384D3E31D1495A1004C44F3 /* AppDelegate.swift */,
				D384D3E51D1495A1004C44F3 /* ViewController.swift */,
				D384D3E71D1495A1004C44F3 /* Main.storyboard */,
				D384D3EA1D1495A1004C44F3 /* Assets.xcassets */,
				D384D3EC1D1495A1004C44F3 /* LaunchScreen.storyboard */,
				D384D3EF1D1495A1004C44F3 /* Info.plist */,
			);
			path = SnailMove;
			sourceTree = "<group>";
		};
/* End PBXGroup section */

/* Begin PBXNativeTarget section */
		D384D3DF1D1495A1004C44F3 /* SnailMove */ = {
			isa = PBXNativeTarget;
			buildConfigurationList = D384D3F21D1495A1004C44F3 /* Build configuration list for PBXNativeTarget "SnailMove" */;
			buildPhases = (
				D384D3DC1D1495A1004C44F3 /* Sources */,
				D384D3DD1D1495A1004C44F3 /* Frameworks */,
				D384D3DE1D1495A1004C44F3 /* Resources */,
			);
			buildRules = (
			);
			dependencies = (
			);
			name = SnailMove;
			productName = SnailMove;
			productReference = D384D3E01D1495A1004C44F3 /* SnailMove.app */;
			productType = "com.apple.product-type.application";
		};
/* End PBXNativeTarget section */

/* Begin PBXProject section */
		D384D3D81D1495A1004C44F3 /* Project object */ = {
			isa = PBXProject;
			attributes = {
				LastSwiftUpdateCheck = 0730;
				LastUpgradeCheck = 0730;
				ORGANIZATIONNAME = subh;
				TargetAttributes = {
					D384D3DF1D1495A1004C44F3 = {
						CreatedOnToolsVersion = 7.3.1;
					};
				};
			};
			buildConfigurationList = D384D3DB1D1495A1004C44F3 /* Build configuration list for PBXProject "SnailMove" */;
			compatibilityVersion = "Xcode 3.2";
			developmentRegion = English;
			hasScannedForEncodings = 0;
			knownRegions = (
				en,
				Base,
			);
			mainGroup = D384D3D71D1495A1004C44F3;
			productRefGroup = D384D3E11D1495A1004C44F3 /* Products */;
			projectDirPath = "";
			projectRoot = "";
			targets = (
				D384D3DF1D1495A1004C44F3 /* SnailMove */,
			);
		};
/* End PBXProject section */

/* Begin PBXResourcesBuildPhase section */
		D384D3DE1D1495A1004C44F3 /* Resources */ = {
			isa = PBXResourcesBuildPhase;
			buildActionMask = 2147483647;
			files = (
				D384D3EE1D1495A1004C44F3 /* LaunchScreen.storyboard in Resources */,
				D384D3EB1D1495A1004C44F3 /* Assets.xcassets in Resources */,
				D384D3E91D1495A1004C44F3 /* Main.storyboard in Resources */,
			);
			runOnlyForDeploymentPostprocessing = 0;
		};
/* End PBXResourcesBuildPhase section */

/* Begin PBXSourcesBuildPhase section */
		D384D3DC1D1495A1004C44F3 /* Sources */ = {
			isa = PBXSourcesBuildPhase;
			buildActionMask = 2147483647;
			files = (
				D384D3E61D1495A1004C44F3 /* ViewController.swift in Sources */,
				D384D3E41D1495A1004C44F3 /* AppDelegate.swift in Sources */,
			);
			runOnlyForDeploymentPostprocessing = 0;
		};
/* End PBXSourcesBuildPhase section */

/* Begin PBXVariantGroup section */
		D384D3E71D1495A1004C44F3 /* Main.storyboard */ = {
			isa = PBXVariantGroup;
			children = (
				D384D3E81D1495A1004C44F3 /* Base */,
			);
			name = Main.storyboard;
			sourceTree = "<group>";
		};
		D384D3EC1D1495A1004C44F3 /* LaunchScreen.storyboard */ = {
			isa = PBXVariantGroup;
			children = (
				D384D3ED1D1495A1004C44F3 /* Base */,
			);
			name = LaunchScreen.storyboard;
			sourceTree = "<group>";
		};
/* End PBXVariantGroup section */

/* Begin XCBuildConfiguration section */
		D384D3F01D1495A1004C44F3 /* Debug */ = {
			isa = XCBuildConfiguration;
			buildSettings = {
				ALWAYS_SEARCH_USER_PATHS = NO;
				CLANG_ANALYZER_NONNULL = YES;
				CLANG_CXX_LANGUAGE_STANDARD = "gnu++0x";
				CLANG_CXX_LIBRARY = "libc++";
				CLANG_ENABLE_MODULES = YES;
				CLANG_ENABLE_OBJC_ARC = YES;
				CLANG_WARN_BOOL_CONVERSION = YES;
				CLANG_WARN_CONSTANT_CONVERSION = YES;
				CLANG_WARN_DIRECT_OBJC_ISA_USAGE = YES_ERROR;
				CLANG_WARN_EMPTY_BODY = YES;
				CLANG_WARN_ENUM_CONVERSION = YES;
				CLANG_WARN_INT_CONVERSION = YES;
				CLANG_WARN_OBJC_ROOT_CLASS = YES_ERROR;
				CLANG_WARN_UNREACHABLE_CODE = YES;
				CLANG_WARN__DUPLICATE_METHOD_MATCH = YES;
				"CODE_SIGN_IDENTITY[sdk=iphoneos*]" = "iPhone Developer";
				COPY_PHASE_STRIP = NO;
				DEBUG_INFORMATION_FORMAT = dwarf;
				ENABLE_STRICT_OBJC_MSGSEND = YES;
				ENABLE_TESTABILITY = YES;
				GCC_C_LANGUAGE_STANDARD = gnu99;
				GCC_DYNAMIC_NO_PIC = NO;
				GCC_NO_COMMON_BLOCKS = YES;
				GCC_OPTIMIZATION_LEVEL = 0;
				GCC_PREPROCESSOR_DEFINITIONS = (
					"DEBUG=1",
					"$(inherited)",
				);
				GCC_WARN_64_TO_32_BIT_CONVERSION = YES;
				GCC_WARN_ABOUT_RETURN_TYPE = YES_ERROR;
				GCC_WARN_UNDECLARED_SELECTOR = YES;
				GCC_WARN_UNINITIALIZED_AUTOS = YES_AGGRESSIVE;
				GCC_WARN_UNUSED_FUNCTION = YES;
				GCC_WARN_UNUSED_VARIABLE = YES;
				IPHONEOS_DEPLOYMENT_TARGET = 9.3;
				MTL_ENABLE_DEBUG_INFO = YES;
				ONLY_ACTIVE_ARCH = YES;
				SDKROOT = iphoneos;
				SWIFT_OPTIMIZATION_LEVEL = "-Onone";
			};
			name = Debug;
		};
		D384D3F11D1495A1004C44F3 /* Release */ = {
			isa = XCBuildConfiguration;
			buildSettings = {
				ALWAYS_SEARCH_USER_PATHS = NO;
				CLANG_ANALYZER_NONNULL = YES;
				CLANG_CXX_LANGUAGE_STANDARD = "gnu++0x";
				CLANG_CXX_LIBRARY = "libc++";
				CLANG_ENABLE_MODULES = YES;
				CLANG_ENABLE_OBJC_ARC = YES;
				CLANG_WARN_BOOL_CONVERSION = YES;
				CLANG_WARN_CONSTANT_CONVERSION = YES;
				CLANG_WARN_DIRECT_OBJC_ISA_USAGE = YES_ERROR;
				CLANG_WARN_EMPTY_BODY = YES;
				CLANG_WARN_ENUM_CONVERSION = YES;
				CLANG_WARN_INT_CONVERSION = YES;
				CLANG_WARN_OBJC_ROOT_CLASS = YES_ERROR;
				CLANG_WARN_UNREACHABLE_CODE = YES;
				CLANG_WARN__DUPLICATE_METHOD_MATCH = YES;
				"CODE_SIGN_IDENTITY[sdk=iphoneos*]" = "iPhone Developer";
				COPY_PHASE_STRIP = NO;
				DEBUG_INFORMATION_FORMAT = "dwarf-with-dsym";
				ENABLE_NS_ASSERTIONS = NO;
				ENABLE_STRICT_OBJC_MSGSEND = YES;
				GCC_C_LANGUAGE_STANDARD = gnu99;
				GCC_NO_COMMON_BLOCKS = YES;
				GCC_WARN_64_TO_32_BIT_CONVERSION = YES;
				GCC_WARN_ABOUT_RETURN_TYPE = YES_ERROR;
				GCC_WARN_UNDECLARED_SELECTOR = YES;
				GCC_WARN_UNINITIALIZED_AUTOS = YES_AGGRESSIVE;
				GCC_WARN_UNUSED_FUNCTION = YES;
				GCC_WARN_UNUSED_VARIABLE = YES;
				IPHONEOS_DEPLOYMENT_TARGET = 9.3;
				MTL_ENABLE_DEBUG_INFO = NO;
				SDKROOT = iphoneos;
				VALIDATE_PRODUCT = YES;
			};
			name = Release;
		};
		D384D3F31D1495A1004C44F3 /* Debug */ = {
			isa = XCBuildConfiguration;
			buildSettings = {
				ASSETCATALOG_COMPILER_APPICON_NAME = AppIcon;
				INFOPLIST_FILE = SnailMove/Info.plist;
				IPHONEOS_DEPLOYMENT_TARGET = 9.2;
				LD_RUNPATH_SEARCH_PATHS = "$(inherited) @executable_path/Frameworks";
				PRODUCT_BUNDLE_IDENTIFIER = org.subhb.SnailMove;
				PRODUCT_NAME = "$(TARGET_NAME)";
			};
			name = Debug;
		};
		D384D3F41D1495A1004C44F3 /* Release */ = {
			isa = XCBuildConfiguration;
			buildSettings = {
				ASSETCATALOG_COMPILER_APPICON_NAME = AppIcon;
				INFOPLIST_FILE = SnailMove/Info.plist;
				IPHONEOS_DEPLOYMENT_TARGET = 9.2;
				LD_RUNPATH_SEARCH_PATHS = "$(inherited) @executable_path/Frameworks";
				PRODUCT_BUNDLE_IDENTIFIER = org.subhb.SnailMove;
				PRODUCT_NAME = "$(TARGET_NAME)";
			};
			name = Release;
		};
/* End XCBuildConfiguration section */

/* Begin XCConfigurationList section */
		D384D3DB1D1495A1004C44F3 /* Build configuration list for PBXProject "SnailMove" */ = {
			isa = XCConfigurationList;
			buildConfigurations = (
				D384D3F01D1495A1004C44F3 /* Debug */,
				D384D3F11D1495A1004C44F3 /* Release */,
			);
			defaultConfigurationIsVisible = 0;
			defaultConfigurationName = Release;
		};
		D384D3F21D1495A1004C44F3 /* Build configuration list for PBXNativeTarget "SnailMove" */ = {
			isa = XCConfigurationList;
			buildConfigurations = (
				D384D3F31D1495A1004C44F3 /* Debug */,
				D384D3F41D1495A1004C44F3 /* Release */,
			);
			defaultConfigurationIsVisible = 0;
			defaultConfigurationName = Release;
		};
/* End XCConfigurationList section */
	};
	rootObject = D384D3D81D1495A1004C44F3 /* Project object */;
}
